
Microsoft Visual Studio Solution File, Format Version 12.00
# Visual Studio Version 17
VisualStudioVersion = 17.5.33516.290
MinimumVisualStudioVersion = 10.0.40219.1
Project("{8BC9CEB8-8B4A-11D0-8D11-00A0C91BC942}") = "Shapes", "Shapes\Shapes.vcxproj", "{4333F00C-8AAD-44A2-806D-4895DC87DACF}"
	ProjectSection(ProjectDependencies) = postProject
		{22A2EDDC-47E5-4BA4-826D-C4EDA3A72AD2} = {22A2EDDC-47E5-4BA4-826D-C4EDA3A72AD2}
	EndProjectSection
EndProject
Project("{8BC9CEB8-8B4A-11D0-8D11-00A0C91BC942}") = "asciicanvas", "asciicanvas\asciicanvas.vcxproj", "{22A2EDDC-47E5-4BA4-826D-C4EDA3A72AD2}"
EndProject
Project("{8BC9CEB8-8B4A-11D0-8D11-00A0C91BC942}") = "Main", "Main\Main.vcxproj", "{B1AED368-8E4D-4BF4-B625-BCE55D2D1751}"
	ProjectSection(ProjectDependencies) = postProject
		{22A2EDDC-47E5-4BA4-826D-C4EDA3A72AD2} = {22A2EDDC-47E5-4BA4-826D-C4EDA3A72AD2}
		{4333F00C-8AAD-44A2-806D-4895DC87DACF} = {4333F00C-8AAD-44A2-806D-4895DC87DACF}
	EndProjectSection
EndProject
Global
	GlobalSection(SolutionConfigurationPlatforms) = preSolution
		Debug|x64 = Debug|x64
		Debug|x86 = Debug|x86
		Release|x64 = Release|x64
		Release|x86 = Release|x86
	EndGlobalSection
	GlobalSection(ProjectConfigurationPlatforms) = postSolution
		{4333F00C-8AAD-44A2-806D-4895DC87DACF}.Debug|x64.ActiveCfg = Debug|x64
		{4333F00C-8AAD-44A2-806D-4895DC87DACF}.Debug|x64.Build.0 = Debug|x64
		{4333F00C-8AAD-44A2-806D-4895DC87DACF}.Debug|x86.ActiveCfg = Debug|Win32
		{4333F00C-8AAD-44A2-806D-4895DC87DACF}.Debug|x86.Build.0 = Debug|Win32
		{4333F00C-8AAD-44A2-806D-4895DC87DACF}.Release|x64.ActiveCfg = Release|x64
		{4333F00C-8AAD-44A2-806D-4895DC87DACF}.Release|x64.Build.0 = Release|x64
		{4333F00C-8AAD-44A2-806D-4895DC87DACF}.Release|x86.ActiveCfg = Release|Win32
		{4333F00C-8AAD-44A2-806D-4895DC87DACF}.Release|x86.Build.0 = Release|Win32
		{22A2EDDC-47E5-4BA4-826D-C4EDA3A72AD2}.Debug|x64.ActiveCfg = Debug|x64
		{22A2EDDC-47E5-4BA4-826D-C4EDA3A72AD2}.Debug|x64.Build.0 = Debug|x64
		{22A2EDDC-47E5-4BA4-826D-C4EDA3A72AD2}.Debug|x86.ActiveCfg = Debug|Win32
		{22A2EDDC-47E5-4BA4-826D-C4EDA3A72AD2}.Debug|x86.Build.0 = Debug|Win32
		{22A2EDDC-47E5-4BA4-826D-C4EDA3A72AD2}.Release|x64.ActiveCfg = Release|x64
		{22A2EDDC-47E5-4BA4-826D-C4EDA3A72AD2}.Release|x64.Build.0 = Release|x64
		{22A2EDDC-47E5-4BA4-826D-C4EDA3A72AD2}.Release|x86.ActiveCfg = Release|Win32
		{22A2EDDC-47E5-4BA4-826D-C4EDA3A72AD2}.Release|x86.Build.0 = Release|Win32
		{B1AED368-8E4D-4BF4-B625-BCE55D2D1751}.Debug|x64.ActiveCfg = Debug|x64
		{B1AED368-8E4D-4BF4-B625-BCE55D2D1751}.Debug|x64.Build.0 = Debug|x64
		{B1AED368-8E4D-4BF4-B625-BCE55D2D1751}.Debug|x86.ActiveCfg = Debug|Win32
		{B1AED368-8E4D-4BF4-B625-BCE55D2D1751}.Debug|x86.Build.0 = Debug|Win32
		{B1AED368-8E4D-4BF4-B625-BCE55D2D1751}.Release|x64.ActiveCfg = Release|x64
		{B1AED368-8E4D-4BF4-B625-BCE55D2D1751}.Release|x64.Build.0 = Release|x64
		{B1AED368-8E4D-4BF4-B625-BCE55D2D1751}.Release|x86.ActiveCfg = Release|Win32
		{B1AED368-8E4D-4BF4-B625-BCE55D2D1751}.Release|x86.Build.0 = Release|Win32
	EndGlobalSection
	GlobalSection(SolutionProperties) = preSolution
		HideSolutionNode = FALSE
	EndGlobalSection
	GlobalSection(ExtensibilityGlobals) = postSolution
		SolutionGuid = {E3A46231-8FB9-4BFF-9D16-A83A7B8A35DC}
	EndGlobalSection
EndGlobal
